// !$*UTF8*$!
{
	archiveVersion = 1;
	classes = {
	};
	objectVersion = 56;
	objects = {

/* Begin PBXBuildFile section */
		BB2919CE291229B900CD9A79 /* ToolbarButton.swift in Sources */ = {isa = PBXBuildFile; fileRef = BB2919CD291229B900CD9A79 /* ToolbarButton.swift */; };
		BB2919D229122F0F00CD9A79 /* WitTab.swift in Sources */ = {isa = PBXBuildFile; fileRef = BB2919D129122F0F00CD9A79 /* WitTab.swift */; };
		BB5C368928CE2BBA00A973E4 /* FormathoApp.swift in Sources */ = {isa = PBXBuildFile; fileRef = BB5C368828CE2BBA00A973E4 /* FormathoApp.swift */; };
		BB5C368B28CE2BBA00A973E4 /* ContentView.swift in Sources */ = {isa = PBXBuildFile; fileRef = BB5C368A28CE2BBA00A973E4 /* ContentView.swift */; };
		BB5C368D28CE2BBC00A973E4 /* Assets.xcassets in Resources */ = {isa = PBXBuildFile; fileRef = BB5C368C28CE2BBC00A973E4 /* Assets.xcassets */; };
		BB5C369128CE2BBC00A973E4 /* Preview Assets.xcassets in Resources */ = {isa = PBXBuildFile; fileRef = BB5C369028CE2BBC00A973E4 /* Preview Assets.xcassets */; };
		BB66E26428E5215F004F731D /* QueryView.swift in Sources */ = {isa = PBXBuildFile; fileRef = BB66E26328E5215F004F731D /* QueryView.swift */; };
		BB79FCEF28EFE92800F12473 /* TreeView.swift in Sources */ = {isa = PBXBuildFile; fileRef = BB79FCEE28EFE92800F12473 /* TreeView.swift */; };
		BBC3A61928D5645800143EA4 /* APIService.swift in Sources */ = {isa = PBXBuildFile; fileRef = BBC3A61828D5645800143EA4 /* APIService.swift */; };
		BBC3A61B28D564D600143EA4 /* APIError.swift in Sources */ = {isa = PBXBuildFile; fileRef = BBC3A61A28D564D600143EA4 /* APIError.swift */; };
		BBF7D8CF28F7C44500CD9A16 /* Definitions.swift in Sources */ = {isa = PBXBuildFile; fileRef = BBF7D8CE28F7C44500CD9A16 /* Definitions.swift */; };
		BBF7D8D128F7C75700CD9A16 /* Extensions.swift in Sources */ = {isa = PBXBuildFile; fileRef = BBF7D8D028F7C75700CD9A16 /* Extensions.swift */; };
		EE00AE5428E71B0B00500331 /* GraphView.swift in Sources */ = {isa = PBXBuildFile; fileRef = EE00AE5328E71B0B00500331 /* GraphView.swift */; };
		EE00AE5728E721E000500331 /* Support.swift in Sources */ = {isa = PBXBuildFile; fileRef = EE00AE5628E721E000500331 /* Support.swift */; };
		EE1EA0AA28D615E800644D5F /* Fetcher.swift in Sources */ = {isa = PBXBuildFile; fileRef = EE1EA0A928D615E800644D5F /* Fetcher.swift */; };
		EE1EA0AC28D6362300644D5F /* ADO.swift in Sources */ = {isa = PBXBuildFile; fileRef = EE1EA0AB28D6362300644D5F /* ADO.swift */; };
		EE9A4FCF28DF721D006BEC27 /* WitView.swift in Sources */ = {isa = PBXBuildFile; fileRef = EE9A4FCE28DF721D006BEC27 /* WitView.swift */; };
		EE9A4FD128DF768F006BEC27 /* ActivityView.swift in Sources */ = {isa = PBXBuildFile; fileRef = EE9A4FD028DF768F006BEC27 /* ActivityView.swift */; };
		EE9A4FD328DF775B006BEC27 /* LoginView.swift in Sources */ = {isa = PBXBuildFile; fileRef = EE9A4FD228DF775B006BEC27 /* LoginView.swift */; };
		EEDCE9F528F86C120046C06F /* Tree.swift in Sources */ = {isa = PBXBuildFile; fileRef = EEDCE9F428F86C120046C06F /* Tree.swift */; };
/* End PBXBuildFile section */

/* Begin PBXFileReference section */
		BB2919CD291229B900CD9A79 /* ToolbarButton.swift */ = {isa = PBXFileReference; lastKnownFileType = sourcecode.swift; path = ToolbarButton.swift; sourceTree = "<group>"; };
		BB2919D129122F0F00CD9A79 /* WitTab.swift */ = {isa = PBXFileReference; lastKnownFileType = sourcecode.swift; path = WitTab.swift; sourceTree = "<group>"; };
		BB5C368528CE2BBA00A973E4 /* Formatho.app */ = {isa = PBXFileReference; explicitFileType = wrapper.application; includeInIndex = 0; path = Formatho.app; sourceTree = BUILT_PRODUCTS_DIR; };
		BB5C368828CE2BBA00A973E4 /* FormathoApp.swift */ = {isa = PBXFileReference; lastKnownFileType = sourcecode.swift; path = FormathoApp.swift; sourceTree = "<group>"; };
		BB5C368A28CE2BBA00A973E4 /* ContentView.swift */ = {isa = PBXFileReference; lastKnownFileType = sourcecode.swift; path = ContentView.swift; sourceTree = "<group>"; };
		BB5C368C28CE2BBC00A973E4 /* Assets.xcassets */ = {isa = PBXFileReference; lastKnownFileType = folder.assetcatalog; path = Assets.xcassets; sourceTree = "<group>"; };
		BB5C368E28CE2BBC00A973E4 /* Formatho.entitlements */ = {isa = PBXFileReference; lastKnownFileType = text.plist.entitlements; path = Formatho.entitlements; sourceTree = "<group>"; };
		BB5C369028CE2BBC00A973E4 /* Preview Assets.xcassets */ = {isa = PBXFileReference; lastKnownFileType = folder.assetcatalog; path = "Preview Assets.xcassets"; sourceTree = "<group>"; };
		BB66E26328E5215F004F731D /* QueryView.swift */ = {isa = PBXFileReference; lastKnownFileType = sourcecode.swift; path = QueryView.swift; sourceTree = "<group>"; };
		BB79FCEE28EFE92800F12473 /* TreeView.swift */ = {isa = PBXFileReference; lastKnownFileType = sourcecode.swift; path = TreeView.swift; sourceTree = "<group>"; };
		BBC3A61828D5645800143EA4 /* APIService.swift */ = {isa = PBXFileReference; lastKnownFileType = sourcecode.swift; path = APIService.swift; sourceTree = "<group>"; };
		BBC3A61A28D564D600143EA4 /* APIError.swift */ = {isa = PBXFileReference; lastKnownFileType = sourcecode.swift; path = APIError.swift; sourceTree = "<group>"; };
		BBF7D8CE28F7C44500CD9A16 /* Definitions.swift */ = {isa = PBXFileReference; lastKnownFileType = sourcecode.swift; path = Definitions.swift; sourceTree = "<group>"; };
		BBF7D8D028F7C75700CD9A16 /* Extensions.swift */ = {isa = PBXFileReference; lastKnownFileType = sourcecode.swift; path = Extensions.swift; sourceTree = "<group>"; };
		EE00AE5328E71B0B00500331 /* GraphView.swift */ = {isa = PBXFileReference; lastKnownFileType = sourcecode.swift; path = GraphView.swift; sourceTree = "<group>"; };
		EE00AE5628E721E000500331 /* Support.swift */ = {isa = PBXFileReference; lastKnownFileType = sourcecode.swift; path = Support.swift; sourceTree = "<group>"; };
		EE1EA0A928D615E800644D5F /* Fetcher.swift */ = {isa = PBXFileReference; lastKnownFileType = sourcecode.swift; path = Fetcher.swift; sourceTree = "<group>"; };
		EE1EA0AB28D6362300644D5F /* ADO.swift */ = {isa = PBXFileReference; lastKnownFileType = sourcecode.swift; path = ADO.swift; sourceTree = "<group>"; };
		EE32BE5128DA2169009EBC6F /* Info.plist */ = {isa = PBXFileReference; lastKnownFileType = text.plist; path = Info.plist; sourceTree = "<group>"; };
		EE9A4FCE28DF721D006BEC27 /* WitView.swift */ = {isa = PBXFileReference; lastKnownFileType = sourcecode.swift; path = WitView.swift; sourceTree = "<group>"; };
		EE9A4FD028DF768F006BEC27 /* ActivityView.swift */ = {isa = PBXFileReference; lastKnownFileType = sourcecode.swift; path = ActivityView.swift; sourceTree = "<group>"; };
		EE9A4FD228DF775B006BEC27 /* LoginView.swift */ = {isa = PBXFileReference; lastKnownFileType = sourcecode.swift; path = LoginView.swift; sourceTree = "<group>"; };
		EEDCE9F428F86C120046C06F /* Tree.swift */ = {isa = PBXFileReference; lastKnownFileType = sourcecode.swift; path = Tree.swift; sourceTree = "<group>"; };
/* End PBXFileReference section */

/* Begin PBXFrameworksBuildPhase section */
		BB5C368228CE2BBA00A973E4 /* Frameworks */ = {
			isa = PBXFrameworksBuildPhase;
			buildActionMask = 2147483647;
			files = (
			);
			runOnlyForDeploymentPostprocessing = 0;
		};
/* End PBXFrameworksBuildPhase section */

/* Begin PBXGroup section */
		BB2919CF29122E8500CD9A79 /* Views */ = {
			isa = PBXGroup;
			children = (
				EE9A4FCE28DF721D006BEC27 /* WitView.swift */,
				BB79FCEE28EFE92800F12473 /* TreeView.swift */,
				BB66E26328E5215F004F731D /* QueryView.swift */,
				EE9A4FD028DF768F006BEC27 /* ActivityView.swift */,
				EE9A4FD228DF775B006BEC27 /* LoginView.swift */,
				EE00AE5328E71B0B00500331 /* GraphView.swift */,
				BB2919CD291229B900CD9A79 /* ToolbarButton.swift */,
			);
			path = Views;
			sourceTree = "<group>";
		};
		BB2919D029122E9000CD9A79 /* Tabs */ = {
			isa = PBXGroup;
			children = (
				BB2919D129122F0F00CD9A79 /* WitTab.swift */,
			);
			path = Tabs;
			sourceTree = "<group>";
		};
		BB5C367C28CE2BBA00A973E4 = {
			isa = PBXGroup;
			children = (
				BB5C368728CE2BBA00A973E4 /* Formatho */,
				BB5C368628CE2BBA00A973E4 /* Products */,
			);
			sourceTree = "<group>";
		};
		BB5C368628CE2BBA00A973E4 /* Products */ = {
			isa = PBXGroup;
			children = (
				BB5C368528CE2BBA00A973E4 /* Formatho.app */,
			);
			name = Products;
			sourceTree = "<group>";
		};
		BB5C368728CE2BBA00A973E4 /* Formatho */ = {
			isa = PBXGroup;
			children = (
				BB2919D029122E9000CD9A79 /* Tabs */,
				BB2919CF29122E8500CD9A79 /* Views */,
				EE00AE5528E721D300500331 /* Support */,
				BB66E26528E52499004F731D /* Models */,
				EE32BE5128DA2169009EBC6F /* Info.plist */,
				BB5C368828CE2BBA00A973E4 /* FormathoApp.swift */,
				BB5C368A28CE2BBA00A973E4 /* ContentView.swift */,
				BBC3A61828D5645800143EA4 /* APIService.swift */,
				BBC3A61A28D564D600143EA4 /* APIError.swift */,
				EE1EA0A928D615E800644D5F /* Fetcher.swift */,
				BB5C368C28CE2BBC00A973E4 /* Assets.xcassets */,
				BB5C368E28CE2BBC00A973E4 /* Formatho.entitlements */,
				BB5C368F28CE2BBC00A973E4 /* Preview Content */,
			);
			path = Formatho;
			sourceTree = "<group>";
		};
		BB5C368F28CE2BBC00A973E4 /* Preview Content */ = {
			isa = PBXGroup;
			children = (
				BB5C369028CE2BBC00A973E4 /* Preview Assets.xcassets */,
			);
			path = "Preview Content";
			sourceTree = "<group>";
		};
		BB66E26528E52499004F731D /* Models */ = {
			isa = PBXGroup;
			children = (
				EEDCE9F428F86C120046C06F /* Tree.swift */,
				BBF7D8CE28F7C44500CD9A16 /* Definitions.swift */,
				BBF7D8D028F7C75700CD9A16 /* Extensions.swift */,
				EE1EA0AB28D6362300644D5F /* ADO.swift */,
			);
			path = Models;
			sourceTree = "<group>";
		};
		EE00AE5528E721D300500331 /* Support */ = {
			isa = PBXGroup;
			children = (
				EE00AE5628E721E000500331 /* Support.swift */,
			);
			path = Support;
			sourceTree = "<group>";
		};
/* End PBXGroup section */

/* Begin PBXNativeTarget section */
		BB5C368428CE2BBA00A973E4 /* Formatho */ = {
			isa = PBXNativeTarget;
			buildConfigurationList = BB5C369428CE2BBC00A973E4 /* Build configuration list for PBXNativeTarget "Formatho" */;
			buildPhases = (
				BB5C368128CE2BBA00A973E4 /* Sources */,
				BB5C368228CE2BBA00A973E4 /* Frameworks */,
				BB5C368328CE2BBA00A973E4 /* Resources */,
			);
			buildRules = (
			);
			dependencies = (
			);
			name = Formatho;
			productName = Formatho;
			productReference = BB5C368528CE2BBA00A973E4 /* Formatho.app */;
			productType = "com.apple.product-type.application";
		};
/* End PBXNativeTarget section */

/* Begin PBXProject section */
		BB5C367D28CE2BBA00A973E4 /* Project object */ = {
			isa = PBXProject;
			attributes = {
				BuildIndependentTargetsInParallel = 1;
				LastSwiftUpdateCheck = 1400;
				LastUpgradeCheck = 1410;
				TargetAttributes = {
					BB5C368428CE2BBA00A973E4 = {
						CreatedOnToolsVersion = 14.0;
					};
				};
			};
			buildConfigurationList = BB5C368028CE2BBA00A973E4 /* Build configuration list for PBXProject "Formatho" */;
			compatibilityVersion = "Xcode 14.0";
			developmentRegion = en;
			hasScannedForEncodings = 0;
			knownRegions = (
				en,
				Base,
			);
			mainGroup = BB5C367C28CE2BBA00A973E4;
			productRefGroup = BB5C368628CE2BBA00A973E4 /* Products */;
			projectDirPath = "";
			projectRoot = "";
			targets = (
				BB5C368428CE2BBA00A973E4 /* Formatho */,
			);
		};
/* End PBXProject section */

/* Begin PBXResourcesBuildPhase section */
		BB5C368328CE2BBA00A973E4 /* Resources */ = {
			isa = PBXResourcesBuildPhase;
			buildActionMask = 2147483647;
			files = (
				BB5C369128CE2BBC00A973E4 /* Preview Assets.xcassets in Resources */,
				BB5C368D28CE2BBC00A973E4 /* Assets.xcassets in Resources */,
			);
			runOnlyForDeploymentPostprocessing = 0;
		};
/* End PBXResourcesBuildPhase section */

/* Begin PBXSourcesBuildPhase section */
		BB5C368128CE2BBA00A973E4 /* Sources */ = {
			isa = PBXSourcesBuildPhase;
			buildActionMask = 2147483647;
			files = (
				BBF7D8CF28F7C44500CD9A16 /* Definitions.swift in Sources */,
				BB5C368B28CE2BBA00A973E4 /* ContentView.swift in Sources */,
				BB66E26428E5215F004F731D /* QueryView.swift in Sources */,
				BBC3A61B28D564D600143EA4 /* APIError.swift in Sources */,
				EE00AE5428E71B0B00500331 /* GraphView.swift in Sources */,
				BBC3A61928D5645800143EA4 /* APIService.swift in Sources */,
				BB2919D229122F0F00CD9A79 /* WitTab.swift in Sources */,
				EE00AE5728E721E000500331 /* Support.swift in Sources */,
				BB2919CE291229B900CD9A79 /* ToolbarButton.swift in Sources */,
				EE1EA0AA28D615E800644D5F /* Fetcher.swift in Sources */,
				EE1EA0AC28D6362300644D5F /* ADO.swift in Sources */,
				BB5C368928CE2BBA00A973E4 /* FormathoApp.swift in Sources */,
				EEDCE9F528F86C120046C06F /* Tree.swift in Sources */,
				BBF7D8D128F7C75700CD9A16 /* Extensions.swift in Sources */,
				EE9A4FD128DF768F006BEC27 /* ActivityView.swift in Sources */,
				EE9A4FD328DF775B006BEC27 /* LoginView.swift in Sources */,
				EE9A4FCF28DF721D006BEC27 /* WitView.swift in Sources */,
				BB79FCEF28EFE92800F12473 /* TreeView.swift in Sources */,
			);
			runOnlyForDeploymentPostprocessing = 0;
		};
/* End PBXSourcesBuildPhase section */

/* Begin XCBuildConfiguration section */
		BB5C369228CE2BBC00A973E4 /* Debug */ = {
			isa = XCBuildConfiguration;
			buildSettings = {
				ALWAYS_SEARCH_USER_PATHS = NO;
				CLANG_ANALYZER_NONNULL = YES;
				CLANG_ANALYZER_NUMBER_OBJECT_CONVERSION = YES_AGGRESSIVE;
				CLANG_CXX_LANGUAGE_STANDARD = "gnu++20";
				CLANG_ENABLE_MODULES = YES;
				CLANG_ENABLE_OBJC_ARC = YES;
				CLANG_ENABLE_OBJC_WEAK = YES;
				CLANG_WARN_BLOCK_CAPTURE_AUTORELEASING = YES;
				CLANG_WARN_BOOL_CONVERSION = YES;
				CLANG_WARN_COMMA = YES;
				CLANG_WARN_CONSTANT_CONVERSION = YES;
				CLANG_WARN_DEPRECATED_OBJC_IMPLEMENTATIONS = YES;
				CLANG_WARN_DIRECT_OBJC_ISA_USAGE = YES_ERROR;
				CLANG_WARN_DOCUMENTATION_COMMENTS = YES;
				CLANG_WARN_EMPTY_BODY = YES;
				CLANG_WARN_ENUM_CONVERSION = YES;
				CLANG_WARN_INFINITE_RECURSION = YES;
				CLANG_WARN_INT_CONVERSION = YES;
				CLANG_WARN_NON_LITERAL_NULL_CONVERSION = YES;
				CLANG_WARN_OBJC_IMPLICIT_RETAIN_SELF = YES;
				CLANG_WARN_OBJC_LITERAL_CONVERSION = YES;
				CLANG_WARN_OBJC_ROOT_CLASS = YES_ERROR;
				CLANG_WARN_QUOTED_INCLUDE_IN_FRAMEWORK_HEADER = YES;
				CLANG_WARN_RANGE_LOOP_ANALYSIS = YES;
				CLANG_WARN_STRICT_PROTOTYPES = YES;
				CLANG_WARN_SUSPICIOUS_MOVE = YES;
				CLANG_WARN_UNGUARDED_AVAILABILITY = YES_AGGRESSIVE;
				CLANG_WARN_UNREACHABLE_CODE = YES;
				CLANG_WARN__DUPLICATE_METHOD_MATCH = YES;
				COPY_PHASE_STRIP = NO;
				DEAD_CODE_STRIPPING = YES;
				DEBUG_INFORMATION_FORMAT = dwarf;
				ENABLE_STRICT_OBJC_MSGSEND = YES;
				ENABLE_TESTABILITY = YES;
				GCC_C_LANGUAGE_STANDARD = gnu11;
				GCC_DYNAMIC_NO_PIC = NO;
				GCC_NO_COMMON_BLOCKS = YES;
				GCC_OPTIMIZATION_LEVEL = 0;
				GCC_PREPROCESSOR_DEFINITIONS = (
					"DEBUG=1",
					"$(inherited)",
				);
				GCC_WARN_64_TO_32_BIT_CONVERSION = YES;
				GCC_WARN_ABOUT_RETURN_TYPE = YES_ERROR;
				GCC_WARN_UNDECLARED_SELECTOR = YES;
				GCC_WARN_UNINITIALIZED_AUTOS = YES_AGGRESSIVE;
				GCC_WARN_UNUSED_FUNCTION = YES;
				GCC_WARN_UNUSED_VARIABLE = YES;
				MTL_ENABLE_DEBUG_INFO = INCLUDE_SOURCE;
				MTL_FAST_MATH = YES;
				ONLY_ACTIVE_ARCH = YES;
				SWIFT_ACTIVE_COMPILATION_CONDITIONS = DEBUG;
				SWIFT_OPTIMIZATION_LEVEL = "-Onone";
			};
			name = Debug;
		};
		BB5C369328CE2BBC00A973E4 /* Release */ = {
			isa = XCBuildConfiguration;
			buildSettings = {
				ALWAYS_SEARCH_USER_PATHS = NO;
				CLANG_ANALYZER_NONNULL = YES;
				CLANG_ANALYZER_NUMBER_OBJECT_CONVERSION = YES_AGGRESSIVE;
				CLANG_CXX_LANGUAGE_STANDARD = "gnu++20";
				CLANG_ENABLE_MODULES = YES;
				CLANG_ENABLE_OBJC_ARC = YES;
				CLANG_ENABLE_OBJC_WEAK = YES;
				CLANG_WARN_BLOCK_CAPTURE_AUTORELEASING = YES;
				CLANG_WARN_BOOL_CONVERSION = YES;
				CLANG_WARN_COMMA = YES;
				CLANG_WARN_CONSTANT_CONVERSION = YES;
				CLANG_WARN_DEPRECATED_OBJC_IMPLEMENTATIONS = YES;
				CLANG_WARN_DIRECT_OBJC_ISA_USAGE = YES_ERROR;
				CLANG_WARN_DOCUMENTATION_COMMENTS = YES;
				CLANG_WARN_EMPTY_BODY = YES;
				CLANG_WARN_ENUM_CONVERSION = YES;
				CLANG_WARN_INFINITE_RECURSION = YES;
				CLANG_WARN_INT_CONVERSION = YES;
				CLANG_WARN_NON_LITERAL_NULL_CONVERSION = YES;
				CLANG_WARN_OBJC_IMPLICIT_RETAIN_SELF = YES;
				CLANG_WARN_OBJC_LITERAL_CONVERSION = YES;
				CLANG_WARN_OBJC_ROOT_CLASS = YES_ERROR;
				CLANG_WARN_QUOTED_INCLUDE_IN_FRAMEWORK_HEADER = YES;
				CLANG_WARN_RANGE_LOOP_ANALYSIS = YES;
				CLANG_WARN_STRICT_PROTOTYPES = YES;
				CLANG_WARN_SUSPICIOUS_MOVE = YES;
				CLANG_WARN_UNGUARDED_AVAILABILITY = YES_AGGRESSIVE;
				CLANG_WARN_UNREACHABLE_CODE = YES;
				CLANG_WARN__DUPLICATE_METHOD_MATCH = YES;
				COPY_PHASE_STRIP = NO;
				DEAD_CODE_STRIPPING = YES;
				DEBUG_INFORMATION_FORMAT = "dwarf-with-dsym";
				ENABLE_NS_ASSERTIONS = NO;
				ENABLE_STRICT_OBJC_MSGSEND = YES;
				GCC_C_LANGUAGE_STANDARD = gnu11;
				GCC_NO_COMMON_BLOCKS = YES;
				GCC_WARN_64_TO_32_BIT_CONVERSION = YES;
				GCC_WARN_ABOUT_RETURN_TYPE = YES_ERROR;
				GCC_WARN_UNDECLARED_SELECTOR = YES;
				GCC_WARN_UNINITIALIZED_AUTOS = YES_AGGRESSIVE;
				GCC_WARN_UNUSED_FUNCTION = YES;
				GCC_WARN_UNUSED_VARIABLE = YES;
				MTL_ENABLE_DEBUG_INFO = NO;
				MTL_FAST_MATH = YES;
				SWIFT_COMPILATION_MODE = wholemodule;
				SWIFT_OPTIMIZATION_LEVEL = "-O";
			};
			name = Release;
		};
		BB5C369528CE2BBC00A973E4 /* Debug */ = {
			isa = XCBuildConfiguration;
			buildSettings = {
				ASSETCATALOG_COMPILER_APPICON_NAME = AppIcon;
				ASSETCATALOG_COMPILER_GLOBAL_ACCENT_COLOR_NAME = AccentColor;
				CODE_SIGN_ENTITLEMENTS = Formatho/Formatho.entitlements;
				CODE_SIGN_IDENTITY = "-";
				"CODE_SIGN_IDENTITY[sdk=iphoneos*]" = "Apple Development";
				"CODE_SIGN_IDENTITY[sdk=macosx*]" = "-";
				CODE_SIGN_STYLE = Automatic;
				CURRENT_PROJECT_VERSION = 14;
				DEAD_CODE_STRIPPING = YES;
				DEVELOPMENT_ASSET_PATHS = "\"Formatho/Preview Content\"";
				DEVELOPMENT_TEAM = 9T8V5DM9MV;
				ENABLE_HARDENED_RUNTIME = YES;
				ENABLE_PREVIEWS = YES;
				GENERATE_INFOPLIST_FILE = YES;
				INFOPLIST_FILE = Formatho/Info.plist;
				INFOPLIST_KEY_LSApplicationCategoryType = "public.app-category.utilities";
				"INFOPLIST_KEY_UIApplicationSceneManifest_Generation[sdk=iphoneos*]" = YES;
				"INFOPLIST_KEY_UIApplicationSceneManifest_Generation[sdk=iphonesimulator*]" = YES;
				"INFOPLIST_KEY_UIApplicationSupportsIndirectInputEvents[sdk=iphoneos*]" = YES;
				"INFOPLIST_KEY_UIApplicationSupportsIndirectInputEvents[sdk=iphonesimulator*]" = YES;
				"INFOPLIST_KEY_UILaunchScreen_Generation[sdk=iphoneos*]" = YES;
				"INFOPLIST_KEY_UILaunchScreen_Generation[sdk=iphonesimulator*]" = YES;
				"INFOPLIST_KEY_UIStatusBarStyle[sdk=iphoneos*]" = UIStatusBarStyleDefault;
				"INFOPLIST_KEY_UIStatusBarStyle[sdk=iphonesimulator*]" = UIStatusBarStyleDefault;
				INFOPLIST_KEY_UISupportedInterfaceOrientations = UIInterfaceOrientationPortrait;
				INFOPLIST_KEY_UISupportedInterfaceOrientations_iPad = "UIInterfaceOrientationLandscapeLeft UIInterfaceOrientationLandscapeRight UIInterfaceOrientationPortrait";
				IPHONEOS_DEPLOYMENT_TARGET = 16.0;
				LD_RUNPATH_SEARCH_PATHS = "@executable_path/Frameworks";
				"LD_RUNPATH_SEARCH_PATHS[sdk=macosx*]" = "@executable_path/../Frameworks";
				MACOSX_DEPLOYMENT_TARGET = 12.3;
				MARKETING_VERSION = 1.1;
				PRODUCT_BUNDLE_IDENTIFIER = io.red8.Formatho;
				PRODUCT_NAME = "$(TARGET_NAME)";
				SDKROOT = auto;
				SUPPORTED_PLATFORMS = "iphoneos iphonesimulator macosx";
				SWIFT_EMIT_LOC_STRINGS = YES;
				SWIFT_VERSION = 5.0;
				TARGETED_DEVICE_FAMILY = "1,2";
			};
			name = Debug;
		};
		BB5C369628CE2BBC00A973E4 /* Release */ = {
			isa = XCBuildConfiguration;
			buildSettings = {
				ASSETCATALOG_COMPILER_APPICON_NAME = AppIcon;
				ASSETCATALOG_COMPILER_GLOBAL_ACCENT_COLOR_NAME = AccentColor;
				CODE_SIGN_ENTITLEMENTS = Formatho/Formatho.entitlements;
				CODE_SIGN_IDENTITY = "-";
				"CODE_SIGN_IDENTITY[sdk=iphoneos*]" = "Apple Development";
				"CODE_SIGN_IDENTITY[sdk=macosx*]" = "-";
				CODE_SIGN_STYLE = Automatic;
				CURRENT_PROJECT_VERSION = 14;
				DEAD_CODE_STRIPPING = YES;
				DEVELOPMENT_ASSET_PATHS = "\"Formatho/Preview Content\"";
				DEVELOPMENT_TEAM = 9T8V5DM9MV;
				ENABLE_HARDENED_RUNTIME = YES;
				ENABLE_PREVIEWS = YES;
				GENERATE_INFOPLIST_FILE = YES;
				INFOPLIST_FILE = Formatho/Info.plist;
				INFOPLIST_KEY_LSApplicationCategoryType = "public.app-category.utilities";
				"INFOPLIST_KEY_UIApplicationSceneManifest_Generation[sdk=iphoneos*]" = YES;
				"INFOPLIST_KEY_UIApplicationSceneManifest_Generation[sdk=iphonesimulator*]" = YES;
				"INFOPLIST_KEY_UIApplicationSupportsIndirectInputEvents[sdk=iphoneos*]" = YES;
				"INFOPLIST_KEY_UIApplicationSupportsIndirectInputEvents[sdk=iphonesimulator*]" = YES;
				"INFOPLIST_KEY_UILaunchScreen_Generation[sdk=iphoneos*]" = YES;
				"INFOPLIST_KEY_UILaunchScreen_Generation[sdk=iphonesimulator*]" = YES;
				"INFOPLIST_KEY_UIStatusBarStyle[sdk=iphoneos*]" = UIStatusBarStyleDefault;
				"INFOPLIST_KEY_UIStatusBarStyle[sdk=iphonesimulator*]" = UIStatusBarStyleDefault;
				INFOPLIST_KEY_UISupportedInterfaceOrientations = UIInterfaceOrientationPortrait;
				INFOPLIST_KEY_UISupportedInterfaceOrientations_iPad = "UIInterfaceOrientationLandscapeLeft UIInterfaceOrientationLandscapeRight UIInterfaceOrientationPortrait";
				IPHONEOS_DEPLOYMENT_TARGET = 16.0;
				LD_RUNPATH_SEARCH_PATHS = "@executable_path/Frameworks";
				"LD_RUNPATH_SEARCH_PATHS[sdk=macosx*]" = "@executable_path/../Frameworks";
				MACOSX_DEPLOYMENT_TARGET = 12.3;
				MARKETING_VERSION = 1.1;
				PRODUCT_BUNDLE_IDENTIFIER = io.red8.Formatho;
				PRODUCT_NAME = "$(TARGET_NAME)";
				SDKROOT = auto;
				SUPPORTED_PLATFORMS = "iphoneos iphonesimulator macosx";
				SWIFT_EMIT_LOC_STRINGS = YES;
				SWIFT_VERSION = 5.0;
				TARGETED_DEVICE_FAMILY = "1,2";
			};
			name = Release;
		};
/* End XCBuildConfiguration section */

/* Begin XCConfigurationList section */
		BB5C368028CE2BBA00A973E4 /* Build configuration list for PBXProject "Formatho" */ = {
			isa = XCConfigurationList;
			buildConfigurations = (
				BB5C369228CE2BBC00A973E4 /* Debug */,
				BB5C369328CE2BBC00A973E4 /* Release */,
			);
			defaultConfigurationIsVisible = 0;
			defaultConfigurationName = Release;
		};
		BB5C369428CE2BBC00A973E4 /* Build configuration list for PBXNativeTarget "Formatho" */ = {
			isa = XCConfigurationList;
			buildConfigurations = (
				BB5C369528CE2BBC00A973E4 /* Debug */,
				BB5C369628CE2BBC00A973E4 /* Release */,
			);
			defaultConfigurationIsVisible = 0;
			defaultConfigurationName = Release;
		};
/* End XCConfigurationList section */
	};
	rootObject = BB5C367D28CE2BBA00A973E4 /* Project object */;
}
