// !$*UTF8*$!
{
	archiveVersion = 1;
	classes = {
	};
	objectVersion = 56;
	objects = {

/* Begin PBXBuildFile section */
		BB01CE48294B438D00B5482E /* WidgetKit.framework in Frameworks */ = {isa = PBXBuildFile; fileRef = BB99F3622945C5FA00959611 /* WidgetKit.framework */; };
		BB01CE49294B438D00B5482E /* SwiftUI.framework in Frameworks */ = {isa = PBXBuildFile; fileRef = BB99F3642945C5FB00959611 /* SwiftUI.framework */; };
		BB01CE4C294B438D00B5482E /* macWidget.swift in Sources */ = {isa = PBXBuildFile; fileRef = BB01CE4B294B438D00B5482E /* macWidget.swift */; };
		BB01CE4F294B438F00B5482E /* Assets.xcassets in Resources */ = {isa = PBXBuildFile; fileRef = BB01CE4E294B438F00B5482E /* Assets.xcassets */; };
		BB01CE52294B438F00B5482E /* macWidget.intentdefinition in Sources */ = {isa = PBXBuildFile; fileRef = BB01CE4D294B438D00B5482E /* macWidget.intentdefinition */; settings = {ATTRIBUTES = (codegen, ); }; };
		BB01CE53294B438F00B5482E /* macWidget.intentdefinition in Sources */ = {isa = PBXBuildFile; fileRef = BB01CE4D294B438D00B5482E /* macWidget.intentdefinition */; settings = {ATTRIBUTES = (codegen, ); }; };
		BB01CE56294B438F00B5482E /* macWidget.appex in Embed Foundation Extensions */ = {isa = PBXBuildFile; fileRef = BB01CE47294B438D00B5482E /* macWidget.appex */; settings = {ATTRIBUTES = (RemoveHeadersOnCopy, ); }; };
		BB01CE5A294B460900B5482E /* Definitions.swift in Sources */ = {isa = PBXBuildFile; fileRef = BBF7D8CE28F7C44500CD9A16 /* Definitions.swift */; };
		BB01CE5B294B460E00B5482E /* APIError.swift in Sources */ = {isa = PBXBuildFile; fileRef = BBC3A61A28D564D600143EA4 /* APIError.swift */; };
		BB01CE5C294B460E00B5482E /* APIService.swift in Sources */ = {isa = PBXBuildFile; fileRef = BBC3A61828D5645800143EA4 /* APIService.swift */; };
		BB01CE5D294B461200B5482E /* Extensions.swift in Sources */ = {isa = PBXBuildFile; fileRef = BBF7D8D028F7C75700CD9A16 /* Extensions.swift */; };
		BB01CE5E294B461500B5482E /* Fetcher.swift in Sources */ = {isa = PBXBuildFile; fileRef = EE1EA0A928D615E800644D5F /* Fetcher.swift */; };
		BB01CE5F294B461800B5482E /* ADO.swift in Sources */ = {isa = PBXBuildFile; fileRef = EE1EA0AB28D6362300644D5F /* ADO.swift */; };
		BB2919D229122F0F00CD9A79 /* WitTab.swift in Sources */ = {isa = PBXBuildFile; fileRef = BB2919D129122F0F00CD9A79 /* WitTab.swift */; };
		BB5C368928CE2BBA00A973E4 /* FormathoApp.swift in Sources */ = {isa = PBXBuildFile; fileRef = BB5C368828CE2BBA00A973E4 /* FormathoApp.swift */; };
		BB5C368B28CE2BBA00A973E4 /* ContentView.swift in Sources */ = {isa = PBXBuildFile; fileRef = BB5C368A28CE2BBA00A973E4 /* ContentView.swift */; };
		BB5C368D28CE2BBC00A973E4 /* Assets.xcassets in Resources */ = {isa = PBXBuildFile; fileRef = BB5C368C28CE2BBC00A973E4 /* Assets.xcassets */; };
		BB5C369128CE2BBC00A973E4 /* Preview Assets.xcassets in Resources */ = {isa = PBXBuildFile; fileRef = BB5C369028CE2BBC00A973E4 /* Preview Assets.xcassets */; };
		BB66E26428E5215F004F731D /* QueryView.swift in Sources */ = {isa = PBXBuildFile; fileRef = BB66E26328E5215F004F731D /* QueryView.swift */; };
		BB79FCEF28EFE92800F12473 /* TreeView.swift in Sources */ = {isa = PBXBuildFile; fileRef = BB79FCEE28EFE92800F12473 /* TreeView.swift */; };
		BB99F3812945C83200959611 /* formathoPhoneApp.swift in Sources */ = {isa = PBXBuildFile; fileRef = BB99F3802945C83200959611 /* formathoPhoneApp.swift */; };
		BB99F3832945C83200959611 /* ContentView.swift in Sources */ = {isa = PBXBuildFile; fileRef = BB99F3822945C83200959611 /* ContentView.swift */; };
		BB99F3852945C83300959611 /* Assets.xcassets in Resources */ = {isa = PBXBuildFile; fileRef = BB99F3842945C83300959611 /* Assets.xcassets */; };
		BB99F3882945C83300959611 /* Preview Assets.xcassets in Resources */ = {isa = PBXBuildFile; fileRef = BB99F3872945C83300959611 /* Preview Assets.xcassets */; };
		BB99F38C2945C8C400959611 /* ADO.swift in Sources */ = {isa = PBXBuildFile; fileRef = EE1EA0AB28D6362300644D5F /* ADO.swift */; };
		BB99F38D2945C8C400959611 /* Definitions.swift in Sources */ = {isa = PBXBuildFile; fileRef = BBF7D8CE28F7C44500CD9A16 /* Definitions.swift */; };
		BB99F38E2945C8C400959611 /* Extensions.swift in Sources */ = {isa = PBXBuildFile; fileRef = BBF7D8D028F7C75700CD9A16 /* Extensions.swift */; };
		BB99F38F2945C8C400959611 /* Fetcher.swift in Sources */ = {isa = PBXBuildFile; fileRef = EE1EA0A928D615E800644D5F /* Fetcher.swift */; };
		BB99F3902945C8C400959611 /* APIService.swift in Sources */ = {isa = PBXBuildFile; fileRef = BBC3A61828D5645800143EA4 /* APIService.swift */; };
		BB99F3912945C8C400959611 /* APIError.swift in Sources */ = {isa = PBXBuildFile; fileRef = BBC3A61A28D564D600143EA4 /* APIError.swift */; };
		BB99F3922945C90200959611 /* WitView.swift in Sources */ = {isa = PBXBuildFile; fileRef = EE9A4FCE28DF721D006BEC27 /* WitView.swift */; };
		BB99F3932945C90200959611 /* TreeView.swift in Sources */ = {isa = PBXBuildFile; fileRef = BB79FCEE28EFE92800F12473 /* TreeView.swift */; };
		BB99F3942945C90200959611 /* LoginView.swift in Sources */ = {isa = PBXBuildFile; fileRef = EE9A4FD228DF775B006BEC27 /* LoginView.swift */; };
		BBC3A61928D5645800143EA4 /* APIService.swift in Sources */ = {isa = PBXBuildFile; fileRef = BBC3A61828D5645800143EA4 /* APIService.swift */; };
		BBC3A61B28D564D600143EA4 /* APIError.swift in Sources */ = {isa = PBXBuildFile; fileRef = BBC3A61A28D564D600143EA4 /* APIError.swift */; };
		BBC8B2F0293DB721007C898E /* ListView.swift in Sources */ = {isa = PBXBuildFile; fileRef = BBC8B2EF293DB721007C898E /* ListView.swift */; };
		BBE8129229504BD400811F80 /* Intents.framework in Frameworks */ = {isa = PBXBuildFile; fileRef = BBE8129129504BD300811F80 /* Intents.framework */; };
		BBE8129529504BD400811F80 /* IntentHandler.swift in Sources */ = {isa = PBXBuildFile; fileRef = BBE8129429504BD400811F80 /* IntentHandler.swift */; };
		BBE8129A29504BD400811F80 /* formathoIntent.appex in Embed Foundation Extensions */ = {isa = PBXBuildFile; fileRef = BBE8129029504BD300811F80 /* formathoIntent.appex */; settings = {ATTRIBUTES = (RemoveHeadersOnCopy, ); }; };
		BBE8129E29504DDD00811F80 /* macWidget.intentdefinition in Sources */ = {isa = PBXBuildFile; fileRef = BB01CE4D294B438D00B5482E /* macWidget.intentdefinition */; };
		BBF7D8CF28F7C44500CD9A16 /* Definitions.swift in Sources */ = {isa = PBXBuildFile; fileRef = BBF7D8CE28F7C44500CD9A16 /* Definitions.swift */; };
		BBF7D8D128F7C75700CD9A16 /* Extensions.swift in Sources */ = {isa = PBXBuildFile; fileRef = BBF7D8D028F7C75700CD9A16 /* Extensions.swift */; };
		EE00AE5428E71B0B00500331 /* GraphView.swift in Sources */ = {isa = PBXBuildFile; fileRef = EE00AE5328E71B0B00500331 /* GraphView.swift */; };
		EE1EA0AA28D615E800644D5F /* Fetcher.swift in Sources */ = {isa = PBXBuildFile; fileRef = EE1EA0A928D615E800644D5F /* Fetcher.swift */; };
		EE1EA0AC28D6362300644D5F /* ADO.swift in Sources */ = {isa = PBXBuildFile; fileRef = EE1EA0AB28D6362300644D5F /* ADO.swift */; };
		EE61CB2F297ABA5F00FDD861 /* ActivityView.swift in Sources */ = {isa = PBXBuildFile; fileRef = EE61CB2E297ABA5F00FDD861 /* ActivityView.swift */; };
		EE9A4FCF28DF721D006BEC27 /* WitView.swift in Sources */ = {isa = PBXBuildFile; fileRef = EE9A4FCE28DF721D006BEC27 /* WitView.swift */; };
		EE9A4FD128DF768F006BEC27 /* ActivityView.swift in Sources */ = {isa = PBXBuildFile; fileRef = EE9A4FD028DF768F006BEC27 /* ActivityView.swift */; };
		EE9A4FD328DF775B006BEC27 /* LoginView.swift in Sources */ = {isa = PBXBuildFile; fileRef = EE9A4FD228DF775B006BEC27 /* LoginView.swift */; };
		EEB340E0295E9A7C008F6D96 /* FetchingView.swift in Sources */ = {isa = PBXBuildFile; fileRef = EEB340DF295E9A7C008F6D96 /* FetchingView.swift */; };
		EEB340E1295E9A7C008F6D96 /* FetchingView.swift in Sources */ = {isa = PBXBuildFile; fileRef = EEB340DF295E9A7C008F6D96 /* FetchingView.swift */; };
/* End PBXBuildFile section */

/* Begin PBXContainerItemProxy section */
		BB01CE54294B438F00B5482E /* PBXContainerItemProxy */ = {
			isa = PBXContainerItemProxy;
			containerPortal = BB5C367D28CE2BBA00A973E4 /* Project object */;
			proxyType = 1;
			remoteGlobalIDString = BB01CE46294B438D00B5482E;
			remoteInfo = macWidgetExtension;
		};
		BBE8129829504BD400811F80 /* PBXContainerItemProxy */ = {
			isa = PBXContainerItemProxy;
			containerPortal = BB5C367D28CE2BBA00A973E4 /* Project object */;
			proxyType = 1;
			remoteGlobalIDString = BBE8128F29504BD300811F80;
			remoteInfo = formathoIntent;
		};
/* End PBXContainerItemProxy section */

/* Begin PBXCopyFilesBuildPhase section */
		BB99F3702945C5FC00959611 /* Embed Foundation Extensions */ = {
			isa = PBXCopyFilesBuildPhase;
			buildActionMask = 2147483647;
			dstPath = "";
			dstSubfolderSpec = 13;
			files = (
				BBE8129A29504BD400811F80 /* formathoIntent.appex in Embed Foundation Extensions */,
				BB01CE56294B438F00B5482E /* macWidget.appex in Embed Foundation Extensions */,
			);
			name = "Embed Foundation Extensions";
			runOnlyForDeploymentPostprocessing = 0;
		};
/* End PBXCopyFilesBuildPhase section */

/* Begin PBXFileReference section */
		BB01CE47294B438D00B5482E /* macWidget.appex */ = {isa = PBXFileReference; explicitFileType = "wrapper.app-extension"; includeInIndex = 0; path = macWidget.appex; sourceTree = BUILT_PRODUCTS_DIR; };
		BB01CE4B294B438D00B5482E /* macWidget.swift */ = {isa = PBXFileReference; lastKnownFileType = sourcecode.swift; path = macWidget.swift; sourceTree = "<group>"; };
		BB01CE4D294B438D00B5482E /* macWidget.intentdefinition */ = {isa = PBXFileReference; lastKnownFileType = file.intentdefinition; path = macWidget.intentdefinition; sourceTree = "<group>"; };
		BB01CE4E294B438F00B5482E /* Assets.xcassets */ = {isa = PBXFileReference; lastKnownFileType = folder.assetcatalog; path = Assets.xcassets; sourceTree = "<group>"; };
		BB01CE50294B438F00B5482E /* Info.plist */ = {isa = PBXFileReference; lastKnownFileType = text.plist.xml; path = Info.plist; sourceTree = "<group>"; };
		BB01CE51294B438F00B5482E /* macWidget.entitlements */ = {isa = PBXFileReference; lastKnownFileType = text.plist.entitlements; path = macWidget.entitlements; sourceTree = "<group>"; };
		BB2919D129122F0F00CD9A79 /* WitTab.swift */ = {isa = PBXFileReference; lastKnownFileType = sourcecode.swift; path = WitTab.swift; sourceTree = "<group>"; };
		BB5C368528CE2BBA00A973E4 /* formatho.app */ = {isa = PBXFileReference; explicitFileType = wrapper.application; includeInIndex = 0; path = formatho.app; sourceTree = BUILT_PRODUCTS_DIR; };
		BB5C368828CE2BBA00A973E4 /* FormathoApp.swift */ = {isa = PBXFileReference; lastKnownFileType = sourcecode.swift; path = FormathoApp.swift; sourceTree = "<group>"; };
		BB5C368A28CE2BBA00A973E4 /* ContentView.swift */ = {isa = PBXFileReference; lastKnownFileType = sourcecode.swift; path = ContentView.swift; sourceTree = "<group>"; };
		BB5C368C28CE2BBC00A973E4 /* Assets.xcassets */ = {isa = PBXFileReference; lastKnownFileType = folder.assetcatalog; path = Assets.xcassets; sourceTree = "<group>"; };
		BB5C368E28CE2BBC00A973E4 /* Formatho.entitlements */ = {isa = PBXFileReference; lastKnownFileType = text.plist.entitlements; path = Formatho.entitlements; sourceTree = "<group>"; };
		BB5C369028CE2BBC00A973E4 /* Preview Assets.xcassets */ = {isa = PBXFileReference; lastKnownFileType = folder.assetcatalog; path = "Preview Assets.xcassets"; sourceTree = "<group>"; };
		BB66E26328E5215F004F731D /* QueryView.swift */ = {isa = PBXFileReference; lastKnownFileType = sourcecode.swift; path = QueryView.swift; sourceTree = "<group>"; };
		BB79FCEE28EFE92800F12473 /* TreeView.swift */ = {isa = PBXFileReference; lastKnownFileType = sourcecode.swift; path = TreeView.swift; sourceTree = "<group>"; };
		BB88B2692951724900891F9B /* formathoPhone.entitlements */ = {isa = PBXFileReference; lastKnownFileType = text.plist.entitlements; path = formathoPhone.entitlements; sourceTree = "<group>"; };
		BB99F3622945C5FA00959611 /* WidgetKit.framework */ = {isa = PBXFileReference; lastKnownFileType = wrapper.framework; name = WidgetKit.framework; path = System/Library/Frameworks/WidgetKit.framework; sourceTree = SDKROOT; };
		BB99F3642945C5FB00959611 /* SwiftUI.framework */ = {isa = PBXFileReference; lastKnownFileType = wrapper.framework; name = SwiftUI.framework; path = System/Library/Frameworks/SwiftUI.framework; sourceTree = SDKROOT; };
		BB99F37E2945C83200959611 /* formathoPhone.app */ = {isa = PBXFileReference; explicitFileType = wrapper.application; includeInIndex = 0; path = formathoPhone.app; sourceTree = BUILT_PRODUCTS_DIR; };
		BB99F3802945C83200959611 /* formathoPhoneApp.swift */ = {isa = PBXFileReference; lastKnownFileType = sourcecode.swift; path = formathoPhoneApp.swift; sourceTree = "<group>"; };
		BB99F3822945C83200959611 /* ContentView.swift */ = {isa = PBXFileReference; lastKnownFileType = sourcecode.swift; path = ContentView.swift; sourceTree = "<group>"; };
		BB99F3842945C83300959611 /* Assets.xcassets */ = {isa = PBXFileReference; lastKnownFileType = folder.assetcatalog; path = Assets.xcassets; sourceTree = "<group>"; };
		BB99F3872945C83300959611 /* Preview Assets.xcassets */ = {isa = PBXFileReference; lastKnownFileType = folder.assetcatalog; path = "Preview Assets.xcassets"; sourceTree = "<group>"; };
		BBC3A61828D5645800143EA4 /* APIService.swift */ = {isa = PBXFileReference; lastKnownFileType = sourcecode.swift; path = APIService.swift; sourceTree = "<group>"; };
		BBC3A61A28D564D600143EA4 /* APIError.swift */ = {isa = PBXFileReference; lastKnownFileType = sourcecode.swift; path = APIError.swift; sourceTree = "<group>"; };
		BBC8B2EF293DB721007C898E /* ListView.swift */ = {isa = PBXFileReference; lastKnownFileType = sourcecode.swift; path = ListView.swift; sourceTree = "<group>"; };
		BBE8129029504BD300811F80 /* formathoIntent.appex */ = {isa = PBXFileReference; explicitFileType = "wrapper.app-extension"; includeInIndex = 0; path = formathoIntent.appex; sourceTree = BUILT_PRODUCTS_DIR; };
		BBE8129129504BD300811F80 /* Intents.framework */ = {isa = PBXFileReference; lastKnownFileType = wrapper.framework; name = Intents.framework; path = System/Library/Frameworks/Intents.framework; sourceTree = SDKROOT; };
		BBE8129429504BD400811F80 /* IntentHandler.swift */ = {isa = PBXFileReference; lastKnownFileType = sourcecode.swift; path = IntentHandler.swift; sourceTree = "<group>"; };
		BBE8129629504BD400811F80 /* Info.plist */ = {isa = PBXFileReference; lastKnownFileType = text.plist.xml; path = Info.plist; sourceTree = "<group>"; };
		BBE8129729504BD400811F80 /* formathoIntent.entitlements */ = {isa = PBXFileReference; lastKnownFileType = text.plist.entitlements; path = formathoIntent.entitlements; sourceTree = "<group>"; };
		BBF7D8CE28F7C44500CD9A16 /* Definitions.swift */ = {isa = PBXFileReference; lastKnownFileType = sourcecode.swift; path = Definitions.swift; sourceTree = "<group>"; };
		BBF7D8D028F7C75700CD9A16 /* Extensions.swift */ = {isa = PBXFileReference; lastKnownFileType = sourcecode.swift; path = Extensions.swift; sourceTree = "<group>"; };
		EE00AE5328E71B0B00500331 /* GraphView.swift */ = {isa = PBXFileReference; lastKnownFileType = sourcecode.swift; path = GraphView.swift; sourceTree = "<group>"; };
		EE1EA0A928D615E800644D5F /* Fetcher.swift */ = {isa = PBXFileReference; lastKnownFileType = sourcecode.swift; path = Fetcher.swift; sourceTree = "<group>"; };
		EE1EA0AB28D6362300644D5F /* ADO.swift */ = {isa = PBXFileReference; lastKnownFileType = sourcecode.swift; path = ADO.swift; sourceTree = "<group>"; };
		EE32BE5128DA2169009EBC6F /* Info.plist */ = {isa = PBXFileReference; lastKnownFileType = text.plist; path = Info.plist; sourceTree = "<group>"; };
		EE61CB2E297ABA5F00FDD861 /* ActivityView.swift */ = {isa = PBXFileReference; lastKnownFileType = sourcecode.swift; path = ActivityView.swift; sourceTree = "<group>"; };
		EE9A4FCE28DF721D006BEC27 /* WitView.swift */ = {isa = PBXFileReference; lastKnownFileType = sourcecode.swift; path = WitView.swift; sourceTree = "<group>"; };
		EE9A4FD028DF768F006BEC27 /* ActivityView.swift */ = {isa = PBXFileReference; lastKnownFileType = sourcecode.swift; path = ActivityView.swift; sourceTree = "<group>"; };
		EE9A4FD228DF775B006BEC27 /* LoginView.swift */ = {isa = PBXFileReference; lastKnownFileType = sourcecode.swift; path = LoginView.swift; sourceTree = "<group>"; };
		EEB340DF295E9A7C008F6D96 /* FetchingView.swift */ = {isa = PBXFileReference; lastKnownFileType = sourcecode.swift; path = FetchingView.swift; sourceTree = "<group>"; };
/* End PBXFileReference section */

/* Begin PBXFrameworksBuildPhase section */
		BB01CE44294B438D00B5482E /* Frameworks */ = {
			isa = PBXFrameworksBuildPhase;
			buildActionMask = 2147483647;
			files = (
				BB01CE49294B438D00B5482E /* SwiftUI.framework in Frameworks */,
				BB01CE48294B438D00B5482E /* WidgetKit.framework in Frameworks */,
			);
			runOnlyForDeploymentPostprocessing = 0;
		};
		BB5C368228CE2BBA00A973E4 /* Frameworks */ = {
			isa = PBXFrameworksBuildPhase;
			buildActionMask = 2147483647;
			files = (
			);
			runOnlyForDeploymentPostprocessing = 0;
		};
		BB99F37B2945C83200959611 /* Frameworks */ = {
			isa = PBXFrameworksBuildPhase;
			buildActionMask = 2147483647;
			files = (
			);
			runOnlyForDeploymentPostprocessing = 0;
		};
		BBE8128D29504BD300811F80 /* Frameworks */ = {
			isa = PBXFrameworksBuildPhase;
			buildActionMask = 2147483647;
			files = (
				BBE8129229504BD400811F80 /* Intents.framework in Frameworks */,
			);
			runOnlyForDeploymentPostprocessing = 0;
		};
/* End PBXFrameworksBuildPhase section */

/* Begin PBXGroup section */
		BB01CE4A294B438D00B5482E /* macWidget */ = {
			isa = PBXGroup;
			children = (
				BB01CE4B294B438D00B5482E /* macWidget.swift */,
				BB01CE4D294B438D00B5482E /* macWidget.intentdefinition */,
				BB01CE4E294B438F00B5482E /* Assets.xcassets */,
				BB01CE50294B438F00B5482E /* Info.plist */,
				BB01CE51294B438F00B5482E /* macWidget.entitlements */,
			);
			path = macWidget;
			sourceTree = "<group>";
		};
		BB2919CF29122E8500CD9A79 /* Views */ = {
			isa = PBXGroup;
			children = (
				EE9A4FCE28DF721D006BEC27 /* WitView.swift */,
				BB79FCEE28EFE92800F12473 /* TreeView.swift */,
				BB66E26328E5215F004F731D /* QueryView.swift */,
				EE9A4FD028DF768F006BEC27 /* ActivityView.swift */,
				EE9A4FD228DF775B006BEC27 /* LoginView.swift */,
				EE00AE5328E71B0B00500331 /* GraphView.swift */,
				BBC8B2EF293DB721007C898E /* ListView.swift */,
				EEB340DF295E9A7C008F6D96 /* FetchingView.swift */,
			);
			path = Views;
			sourceTree = "<group>";
		};
		BB2919D029122E9000CD9A79 /* Tabs */ = {
			isa = PBXGroup;
			children = (
				BB2919D129122F0F00CD9A79 /* WitTab.swift */,
			);
			path = Tabs;
			sourceTree = "<group>";
		};
		BB5C367C28CE2BBA00A973E4 = {
			isa = PBXGroup;
			children = (
				BB5C368728CE2BBA00A973E4 /* Formatho */,
				BB99F37F2945C83200959611 /* formathoPhone */,
				BB01CE4A294B438D00B5482E /* macWidget */,
				BBE8129329504BD400811F80 /* formathoIntent */,
				BB99F3612945C5FA00959611 /* Frameworks */,
				BB5C368628CE2BBA00A973E4 /* Products */,
			);
			sourceTree = "<group>";
		};
		BB5C368628CE2BBA00A973E4 /* Products */ = {
			isa = PBXGroup;
			children = (
				BB5C368528CE2BBA00A973E4 /* formatho.app */,
				BB99F37E2945C83200959611 /* formathoPhone.app */,
				BB01CE47294B438D00B5482E /* macWidget.appex */,
				BBE8129029504BD300811F80 /* formathoIntent.appex */,
			);
			name = Products;
			sourceTree = "<group>";
		};
		BB5C368728CE2BBA00A973E4 /* Formatho */ = {
			isa = PBXGroup;
			children = (
				BB2919D029122E9000CD9A79 /* Tabs */,
				BB2919CF29122E8500CD9A79 /* Views */,
				BB66E26528E52499004F731D /* Common */,
				EE32BE5128DA2169009EBC6F /* Info.plist */,
				BB5C368828CE2BBA00A973E4 /* FormathoApp.swift */,
				BB5C368A28CE2BBA00A973E4 /* ContentView.swift */,
				BB5C368C28CE2BBC00A973E4 /* Assets.xcassets */,
				BB5C368E28CE2BBC00A973E4 /* Formatho.entitlements */,
				BB5C368F28CE2BBC00A973E4 /* Preview Content */,
			);
			path = Formatho;
			sourceTree = "<group>";
		};
		BB5C368F28CE2BBC00A973E4 /* Preview Content */ = {
			isa = PBXGroup;
			children = (
				BB5C369028CE2BBC00A973E4 /* Preview Assets.xcassets */,
			);
			path = "Preview Content";
			sourceTree = "<group>";
		};
		BB66E26528E52499004F731D /* Common */ = {
			isa = PBXGroup;
			children = (
				BBC3A61828D5645800143EA4 /* APIService.swift */,
				BBC3A61A28D564D600143EA4 /* APIError.swift */,
				BBF7D8CE28F7C44500CD9A16 /* Definitions.swift */,
				BBF7D8D028F7C75700CD9A16 /* Extensions.swift */,
				EE1EA0A928D615E800644D5F /* Fetcher.swift */,
				EE1EA0AB28D6362300644D5F /* ADO.swift */,
			);
			path = Common;
			sourceTree = "<group>";
		};
		BB99F3612945C5FA00959611 /* Frameworks */ = {
			isa = PBXGroup;
			children = (
				BB99F3622945C5FA00959611 /* WidgetKit.framework */,
				BB99F3642945C5FB00959611 /* SwiftUI.framework */,
				BBE8129129504BD300811F80 /* Intents.framework */,
			);
			name = Frameworks;
			sourceTree = "<group>";
		};
		BB99F37F2945C83200959611 /* formathoPhone */ = {
			isa = PBXGroup;
			children = (
				BB88B2692951724900891F9B /* formathoPhone.entitlements */,
				BB99F3802945C83200959611 /* formathoPhoneApp.swift */,
				BB99F3822945C83200959611 /* ContentView.swift */,
				BB99F3842945C83300959611 /* Assets.xcassets */,
				BB99F3862945C83300959611 /* Preview Content */,
				EE61CB2E297ABA5F00FDD861 /* ActivityView.swift */,
			);
			path = formathoPhone;
			sourceTree = "<group>";
		};
		BB99F3862945C83300959611 /* Preview Content */ = {
			isa = PBXGroup;
			children = (
				BB99F3872945C83300959611 /* Preview Assets.xcassets */,
			);
			path = "Preview Content";
			sourceTree = "<group>";
		};
		BBE8129329504BD400811F80 /* formathoIntent */ = {
			isa = PBXGroup;
			children = (
				BBE8129429504BD400811F80 /* IntentHandler.swift */,
				BBE8129629504BD400811F80 /* Info.plist */,
				BBE8129729504BD400811F80 /* formathoIntent.entitlements */,
			);
			path = formathoIntent;
			sourceTree = "<group>";
		};
/* End PBXGroup section */

/* Begin PBXNativeTarget section */
		BB01CE46294B438D00B5482E /* macWidget */ = {
			isa = PBXNativeTarget;
			buildConfigurationList = BB01CE57294B438F00B5482E /* Build configuration list for PBXNativeTarget "macWidget" */;
			buildPhases = (
				BB01CE43294B438D00B5482E /* Sources */,
				BB01CE44294B438D00B5482E /* Frameworks */,
				BB01CE45294B438D00B5482E /* Resources */,
			);
			buildRules = (
			);
			dependencies = (
			);
			name = macWidget;
			productName = macWidgetExtension;
			productReference = BB01CE47294B438D00B5482E /* macWidget.appex */;
			productType = "com.apple.product-type.app-extension";
		};
		BB5C368428CE2BBA00A973E4 /* formatho */ = {
			isa = PBXNativeTarget;
			buildConfigurationList = BB5C369428CE2BBC00A973E4 /* Build configuration list for PBXNativeTarget "formatho" */;
			buildPhases = (
				BB5C368128CE2BBA00A973E4 /* Sources */,
				BB5C368228CE2BBA00A973E4 /* Frameworks */,
				BB5C368328CE2BBA00A973E4 /* Resources */,
				BB99F3702945C5FC00959611 /* Embed Foundation Extensions */,
			);
			buildRules = (
			);
			dependencies = (
				BB01CE55294B438F00B5482E /* PBXTargetDependency */,
				BBE8129929504BD400811F80 /* PBXTargetDependency */,
			);
			name = formatho;
			productName = Formatho;
			productReference = BB5C368528CE2BBA00A973E4 /* formatho.app */;
			productType = "com.apple.product-type.application";
		};
		BB99F37D2945C83200959611 /* formathoPhone */ = {
			isa = PBXNativeTarget;
			buildConfigurationList = BB99F3892945C83300959611 /* Build configuration list for PBXNativeTarget "formathoPhone" */;
			buildPhases = (
				BB99F37A2945C83200959611 /* Sources */,
				BB99F37B2945C83200959611 /* Frameworks */,
				BB99F37C2945C83200959611 /* Resources */,
			);
			buildRules = (
			);
			dependencies = (
			);
			name = formathoPhone;
			productName = formathoPhone;
			productReference = BB99F37E2945C83200959611 /* formathoPhone.app */;
			productType = "com.apple.product-type.application";
		};
		BBE8128F29504BD300811F80 /* formathoIntent */ = {
			isa = PBXNativeTarget;
			buildConfigurationList = BBE8129D29504BD400811F80 /* Build configuration list for PBXNativeTarget "formathoIntent" */;
			buildPhases = (
				BBE8128C29504BD300811F80 /* Sources */,
				BBE8128D29504BD300811F80 /* Frameworks */,
				BBE8128E29504BD300811F80 /* Resources */,
			);
			buildRules = (
			);
			dependencies = (
			);
			name = formathoIntent;
			productName = formathoIntent;
			productReference = BBE8129029504BD300811F80 /* formathoIntent.appex */;
			productType = "com.apple.product-type.app-extension";
		};
/* End PBXNativeTarget section */

/* Begin PBXProject section */
		BB5C367D28CE2BBA00A973E4 /* Project object */ = {
			isa = PBXProject;
			attributes = {
				BuildIndependentTargetsInParallel = 1;
				LastSwiftUpdateCheck = 1410;
				LastUpgradeCheck = 1410;
				TargetAttributes = {
					BB01CE46294B438D00B5482E = {
						CreatedOnToolsVersion = 14.1;
					};
					BB5C368428CE2BBA00A973E4 = {
						CreatedOnToolsVersion = 14.0;
					};
					BB99F37D2945C83200959611 = {
						CreatedOnToolsVersion = 14.1;
					};
					BBE8128F29504BD300811F80 = {
						CreatedOnToolsVersion = 14.1;
					};
				};
			};
			buildConfigurationList = BB5C368028CE2BBA00A973E4 /* Build configuration list for PBXProject "Formatho" */;
			compatibilityVersion = "Xcode 14.0";
			developmentRegion = en;
			hasScannedForEncodings = 0;
			knownRegions = (
				en,
				Base,
			);
			mainGroup = BB5C367C28CE2BBA00A973E4;
			productRefGroup = BB5C368628CE2BBA00A973E4 /* Products */;
			projectDirPath = "";
			projectRoot = "";
			targets = (
				BB5C368428CE2BBA00A973E4 /* formatho */,
				BB99F37D2945C83200959611 /* formathoPhone */,
				BB01CE46294B438D00B5482E /* macWidget */,
				BBE8128F29504BD300811F80 /* formathoIntent */,
			);
		};
/* End PBXProject section */

/* Begin PBXResourcesBuildPhase section */
		BB01CE45294B438D00B5482E /* Resources */ = {
			isa = PBXResourcesBuildPhase;
			buildActionMask = 2147483647;
			files = (
				BB01CE4F294B438F00B5482E /* Assets.xcassets in Resources */,
			);
			runOnlyForDeploymentPostprocessing = 0;
		};
		BB5C368328CE2BBA00A973E4 /* Resources */ = {
			isa = PBXResourcesBuildPhase;
			buildActionMask = 2147483647;
			files = (
				BB5C369128CE2BBC00A973E4 /* Preview Assets.xcassets in Resources */,
				BB5C368D28CE2BBC00A973E4 /* Assets.xcassets in Resources */,
			);
			runOnlyForDeploymentPostprocessing = 0;
		};
		BB99F37C2945C83200959611 /* Resources */ = {
			isa = PBXResourcesBuildPhase;
			buildActionMask = 2147483647;
			files = (
				BB99F3882945C83300959611 /* Preview Assets.xcassets in Resources */,
				BB99F3852945C83300959611 /* Assets.xcassets in Resources */,
			);
			runOnlyForDeploymentPostprocessing = 0;
		};
		BBE8128E29504BD300811F80 /* Resources */ = {
			isa = PBXResourcesBuildPhase;
			buildActionMask = 2147483647;
			files = (
			);
			runOnlyForDeploymentPostprocessing = 0;
		};
/* End PBXResourcesBuildPhase section */

/* Begin PBXSourcesBuildPhase section */
		BB01CE43294B438D00B5482E /* Sources */ = {
			isa = PBXSourcesBuildPhase;
			buildActionMask = 2147483647;
			files = (
				BB01CE5F294B461800B5482E /* ADO.swift in Sources */,
				BB01CE5E294B461500B5482E /* Fetcher.swift in Sources */,
				BB01CE52294B438F00B5482E /* macWidget.intentdefinition in Sources */,
				BB01CE5D294B461200B5482E /* Extensions.swift in Sources */,
				BB01CE5C294B460E00B5482E /* APIService.swift in Sources */,
				BB01CE5B294B460E00B5482E /* APIError.swift in Sources */,
				BB01CE5A294B460900B5482E /* Definitions.swift in Sources */,
				BB01CE4C294B438D00B5482E /* macWidget.swift in Sources */,
			);
			runOnlyForDeploymentPostprocessing = 0;
		};
		BB5C368128CE2BBA00A973E4 /* Sources */ = {
			isa = PBXSourcesBuildPhase;
			buildActionMask = 2147483647;
			files = (
				BBC8B2F0293DB721007C898E /* ListView.swift in Sources */,
				BBF7D8CF28F7C44500CD9A16 /* Definitions.swift in Sources */,
				BB5C368B28CE2BBA00A973E4 /* ContentView.swift in Sources */,
				BB66E26428E5215F004F731D /* QueryView.swift in Sources */,
				BBC3A61B28D564D600143EA4 /* APIError.swift in Sources */,
				EE00AE5428E71B0B00500331 /* GraphView.swift in Sources */,
				BBC3A61928D5645800143EA4 /* APIService.swift in Sources */,
				BB2919D229122F0F00CD9A79 /* WitTab.swift in Sources */,
				EEB340E0295E9A7C008F6D96 /* FetchingView.swift in Sources */,
				BB01CE53294B438F00B5482E /* macWidget.intentdefinition in Sources */,
				EE1EA0AA28D615E800644D5F /* Fetcher.swift in Sources */,
				EE1EA0AC28D6362300644D5F /* ADO.swift in Sources */,
				BB5C368928CE2BBA00A973E4 /* FormathoApp.swift in Sources */,
				BBF7D8D128F7C75700CD9A16 /* Extensions.swift in Sources */,
				EE9A4FD128DF768F006BEC27 /* ActivityView.swift in Sources */,
				EE9A4FD328DF775B006BEC27 /* LoginView.swift in Sources */,
				EE9A4FCF28DF721D006BEC27 /* WitView.swift in Sources */,
				BB79FCEF28EFE92800F12473 /* TreeView.swift in Sources */,
			);
			runOnlyForDeploymentPostprocessing = 0;
		};
		BB99F37A2945C83200959611 /* Sources */ = {
			isa = PBXSourcesBuildPhase;
			buildActionMask = 2147483647;
			files = (
				BB99F3932945C90200959611 /* TreeView.swift in Sources */,
				BB99F38E2945C8C400959611 /* Extensions.swift in Sources */,
				EE61CB2F297ABA5F00FDD861 /* ActivityView.swift in Sources */,
				BB99F3902945C8C400959611 /* APIService.swift in Sources */,
				BB99F38D2945C8C400959611 /* Definitions.swift in Sources */,
				BB99F3832945C83200959611 /* ContentView.swift in Sources */,
				BB99F3922945C90200959611 /* WitView.swift in Sources */,
				BB99F38C2945C8C400959611 /* ADO.swift in Sources */,
				BB99F3912945C8C400959611 /* APIError.swift in Sources */,
				EEB340E1295E9A7C008F6D96 /* FetchingView.swift in Sources */,
				BB99F3942945C90200959611 /* LoginView.swift in Sources */,
				BB99F3812945C83200959611 /* formathoPhoneApp.swift in Sources */,
				BB99F38F2945C8C400959611 /* Fetcher.swift in Sources */,
			);
			runOnlyForDeploymentPostprocessing = 0;
		};
		BBE8128C29504BD300811F80 /* Sources */ = {
			isa = PBXSourcesBuildPhase;
			buildActionMask = 2147483647;
			files = (
				BBE8129E29504DDD00811F80 /* macWidget.intentdefinition in Sources */,
				BBE8129529504BD400811F80 /* IntentHandler.swift in Sources */,
			);
			runOnlyForDeploymentPostprocessing = 0;
		};
/* End PBXSourcesBuildPhase section */

/* Begin PBXTargetDependency section */
		BB01CE55294B438F00B5482E /* PBXTargetDependency */ = {
			isa = PBXTargetDependency;
			target = BB01CE46294B438D00B5482E /* macWidget */;
			targetProxy = BB01CE54294B438F00B5482E /* PBXContainerItemProxy */;
		};
		BBE8129929504BD400811F80 /* PBXTargetDependency */ = {
			isa = PBXTargetDependency;
			target = BBE8128F29504BD300811F80 /* formathoIntent */;
			targetProxy = BBE8129829504BD400811F80 /* PBXContainerItemProxy */;
		};
/* End PBXTargetDependency section */

/* Begin XCBuildConfiguration section */
		BB01CE58294B438F00B5482E /* Debug */ = {
			isa = XCBuildConfiguration;
			buildSettings = {
				ASSETCATALOG_COMPILER_GLOBAL_ACCENT_COLOR_NAME = AccentColor;
				ASSETCATALOG_COMPILER_WIDGET_BACKGROUND_COLOR_NAME = WidgetBackground;
				CODE_SIGN_ENTITLEMENTS = macWidget/macWidget.entitlements;
				CODE_SIGN_IDENTITY = "-";
				"CODE_SIGN_IDENTITY[sdk=iphoneos*]" = "Apple Development";
				"CODE_SIGN_IDENTITY[sdk=macosx*]" = "Apple Development";
				CODE_SIGN_STYLE = Automatic;
				CURRENT_PROJECT_VERSION = 23;
				DEVELOPMENT_TEAM = 9T8V5DM9MV;
				ENABLE_HARDENED_RUNTIME = YES;
				GENERATE_INFOPLIST_FILE = YES;
				INFOPLIST_FILE = macWidget/Info.plist;
				INFOPLIST_KEY_CFBundleDisplayName = macWidget;
				INFOPLIST_KEY_NSHumanReadableCopyright = "";
				LD_RUNPATH_SEARCH_PATHS = (
					"$(inherited)",
					"@executable_path/../Frameworks",
					"@executable_path/../../../../Frameworks",
				);
				MACOSX_DEPLOYMENT_TARGET = 13.0;
				MARKETING_VERSION = 1.8;
				PRODUCT_BUNDLE_IDENTIFIER = io.red8.Formatho.macWidget;
				PRODUCT_NAME = "$(TARGET_NAME)";
				SDKROOT = macosx;
				SKIP_INSTALL = YES;
				SWIFT_EMIT_LOC_STRINGS = YES;
				SWIFT_VERSION = 5.0;
			};
			name = Debug;
		};
		BB01CE59294B438F00B5482E /* Release */ = {
			isa = XCBuildConfiguration;
			buildSettings = {
				ASSETCATALOG_COMPILER_GLOBAL_ACCENT_COLOR_NAME = AccentColor;
				ASSETCATALOG_COMPILER_WIDGET_BACKGROUND_COLOR_NAME = WidgetBackground;
				CODE_SIGN_ENTITLEMENTS = macWidget/macWidget.entitlements;
				CODE_SIGN_IDENTITY = "-";
				"CODE_SIGN_IDENTITY[sdk=iphoneos*]" = "Apple Development";
				"CODE_SIGN_IDENTITY[sdk=macosx*]" = "Apple Development";
				CODE_SIGN_STYLE = Automatic;
				CURRENT_PROJECT_VERSION = 23;
				DEVELOPMENT_TEAM = 9T8V5DM9MV;
				ENABLE_HARDENED_RUNTIME = YES;
				GENERATE_INFOPLIST_FILE = YES;
				INFOPLIST_FILE = macWidget/Info.plist;
				INFOPLIST_KEY_CFBundleDisplayName = macWidget;
				INFOPLIST_KEY_NSHumanReadableCopyright = "";
				LD_RUNPATH_SEARCH_PATHS = (
					"$(inherited)",
					"@executable_path/../Frameworks",
					"@executable_path/../../../../Frameworks",
				);
				MACOSX_DEPLOYMENT_TARGET = 13.0;
				MARKETING_VERSION = 1.8;
				PRODUCT_BUNDLE_IDENTIFIER = io.red8.Formatho.macWidget;
				PRODUCT_NAME = "$(TARGET_NAME)";
				SDKROOT = macosx;
				SKIP_INSTALL = YES;
				SWIFT_EMIT_LOC_STRINGS = YES;
				SWIFT_VERSION = 5.0;
			};
			name = Release;
		};
		BB5C369228CE2BBC00A973E4 /* Debug */ = {
			isa = XCBuildConfiguration;
			buildSettings = {
				ALWAYS_SEARCH_USER_PATHS = NO;
				CLANG_ANALYZER_NONNULL = YES;
				CLANG_ANALYZER_NUMBER_OBJECT_CONVERSION = YES_AGGRESSIVE;
				CLANG_CXX_LANGUAGE_STANDARD = "gnu++20";
				CLANG_ENABLE_MODULES = YES;
				CLANG_ENABLE_OBJC_ARC = YES;
				CLANG_ENABLE_OBJC_WEAK = YES;
				CLANG_WARN_BLOCK_CAPTURE_AUTORELEASING = YES;
				CLANG_WARN_BOOL_CONVERSION = YES;
				CLANG_WARN_COMMA = YES;
				CLANG_WARN_CONSTANT_CONVERSION = YES;
				CLANG_WARN_DEPRECATED_OBJC_IMPLEMENTATIONS = YES;
				CLANG_WARN_DIRECT_OBJC_ISA_USAGE = YES_ERROR;
				CLANG_WARN_DOCUMENTATION_COMMENTS = YES;
				CLANG_WARN_EMPTY_BODY = YES;
				CLANG_WARN_ENUM_CONVERSION = YES;
				CLANG_WARN_INFINITE_RECURSION = YES;
				CLANG_WARN_INT_CONVERSION = YES;
				CLANG_WARN_NON_LITERAL_NULL_CONVERSION = YES;
				CLANG_WARN_OBJC_IMPLICIT_RETAIN_SELF = YES;
				CLANG_WARN_OBJC_LITERAL_CONVERSION = YES;
				CLANG_WARN_OBJC_ROOT_CLASS = YES_ERROR;
				CLANG_WARN_QUOTED_INCLUDE_IN_FRAMEWORK_HEADER = YES;
				CLANG_WARN_RANGE_LOOP_ANALYSIS = YES;
				CLANG_WARN_STRICT_PROTOTYPES = YES;
				CLANG_WARN_SUSPICIOUS_MOVE = YES;
				CLANG_WARN_UNGUARDED_AVAILABILITY = YES_AGGRESSIVE;
				CLANG_WARN_UNREACHABLE_CODE = YES;
				CLANG_WARN__DUPLICATE_METHOD_MATCH = YES;
				COPY_PHASE_STRIP = NO;
				DEAD_CODE_STRIPPING = YES;
				DEBUG_INFORMATION_FORMAT = dwarf;
				ENABLE_STRICT_OBJC_MSGSEND = YES;
				ENABLE_TESTABILITY = YES;
				GCC_C_LANGUAGE_STANDARD = gnu11;
				GCC_DYNAMIC_NO_PIC = NO;
				GCC_NO_COMMON_BLOCKS = YES;
				GCC_OPTIMIZATION_LEVEL = 0;
				GCC_PREPROCESSOR_DEFINITIONS = (
					"DEBUG=1",
					"$(inherited)",
				);
				GCC_WARN_64_TO_32_BIT_CONVERSION = YES;
				GCC_WARN_ABOUT_RETURN_TYPE = YES_ERROR;
				GCC_WARN_UNDECLARED_SELECTOR = YES;
				GCC_WARN_UNINITIALIZED_AUTOS = YES_AGGRESSIVE;
				GCC_WARN_UNUSED_FUNCTION = YES;
				GCC_WARN_UNUSED_VARIABLE = YES;
				MTL_ENABLE_DEBUG_INFO = INCLUDE_SOURCE;
				MTL_FAST_MATH = YES;
				ONLY_ACTIVE_ARCH = YES;
				SWIFT_ACTIVE_COMPILATION_CONDITIONS = DEBUG;
				SWIFT_OPTIMIZATION_LEVEL = "-Onone";
			};
			name = Debug;
		};
		BB5C369328CE2BBC00A973E4 /* Release */ = {
			isa = XCBuildConfiguration;
			buildSettings = {
				ALWAYS_SEARCH_USER_PATHS = NO;
				CLANG_ANALYZER_NONNULL = YES;
				CLANG_ANALYZER_NUMBER_OBJECT_CONVERSION = YES_AGGRESSIVE;
				CLANG_CXX_LANGUAGE_STANDARD = "gnu++20";
				CLANG_ENABLE_MODULES = YES;
				CLANG_ENABLE_OBJC_ARC = YES;
				CLANG_ENABLE_OBJC_WEAK = YES;
				CLANG_WARN_BLOCK_CAPTURE_AUTORELEASING = YES;
				CLANG_WARN_BOOL_CONVERSION = YES;
				CLANG_WARN_COMMA = YES;
				CLANG_WARN_CONSTANT_CONVERSION = YES;
				CLANG_WARN_DEPRECATED_OBJC_IMPLEMENTATIONS = YES;
				CLANG_WARN_DIRECT_OBJC_ISA_USAGE = YES_ERROR;
				CLANG_WARN_DOCUMENTATION_COMMENTS = YES;
				CLANG_WARN_EMPTY_BODY = YES;
				CLANG_WARN_ENUM_CONVERSION = YES;
				CLANG_WARN_INFINITE_RECURSION = YES;
				CLANG_WARN_INT_CONVERSION = YES;
				CLANG_WARN_NON_LITERAL_NULL_CONVERSION = YES;
				CLANG_WARN_OBJC_IMPLICIT_RETAIN_SELF = YES;
				CLANG_WARN_OBJC_LITERAL_CONVERSION = YES;
				CLANG_WARN_OBJC_ROOT_CLASS = YES_ERROR;
				CLANG_WARN_QUOTED_INCLUDE_IN_FRAMEWORK_HEADER = YES;
				CLANG_WARN_RANGE_LOOP_ANALYSIS = YES;
				CLANG_WARN_STRICT_PROTOTYPES = YES;
				CLANG_WARN_SUSPICIOUS_MOVE = YES;
				CLANG_WARN_UNGUARDED_AVAILABILITY = YES_AGGRESSIVE;
				CLANG_WARN_UNREACHABLE_CODE = YES;
				CLANG_WARN__DUPLICATE_METHOD_MATCH = YES;
				COPY_PHASE_STRIP = NO;
				DEAD_CODE_STRIPPING = YES;
				DEBUG_INFORMATION_FORMAT = "dwarf-with-dsym";
				ENABLE_NS_ASSERTIONS = NO;
				ENABLE_STRICT_OBJC_MSGSEND = YES;
				GCC_C_LANGUAGE_STANDARD = gnu11;
				GCC_NO_COMMON_BLOCKS = YES;
				GCC_WARN_64_TO_32_BIT_CONVERSION = YES;
				GCC_WARN_ABOUT_RETURN_TYPE = YES_ERROR;
				GCC_WARN_UNDECLARED_SELECTOR = YES;
				GCC_WARN_UNINITIALIZED_AUTOS = YES_AGGRESSIVE;
				GCC_WARN_UNUSED_FUNCTION = YES;
				GCC_WARN_UNUSED_VARIABLE = YES;
				MTL_ENABLE_DEBUG_INFO = NO;
				MTL_FAST_MATH = YES;
				SWIFT_COMPILATION_MODE = wholemodule;
				SWIFT_OPTIMIZATION_LEVEL = "-O";
			};
			name = Release;
		};
		BB5C369528CE2BBC00A973E4 /* Debug */ = {
			isa = XCBuildConfiguration;
			buildSettings = {
				ALWAYS_EMBED_SWIFT_STANDARD_LIBRARIES = YES;
				ASSETCATALOG_COMPILER_APPICON_NAME = AppIcon;
				ASSETCATALOG_COMPILER_GLOBAL_ACCENT_COLOR_NAME = AccentColor;
				CODE_SIGN_ENTITLEMENTS = Formatho/Formatho.entitlements;
				CODE_SIGN_IDENTITY = "-";
				"CODE_SIGN_IDENTITY[sdk=iphoneos*]" = "Apple Development";
				"CODE_SIGN_IDENTITY[sdk=macosx*]" = "Apple Development";
				CODE_SIGN_STYLE = Automatic;
				CURRENT_PROJECT_VERSION = 23;
				DEAD_CODE_STRIPPING = YES;
				DEVELOPMENT_ASSET_PATHS = "\"Formatho/Preview Content\"";
				DEVELOPMENT_TEAM = 9T8V5DM9MV;
				ENABLE_HARDENED_RUNTIME = YES;
				ENABLE_PREVIEWS = YES;
				GENERATE_INFOPLIST_FILE = YES;
				INFOPLIST_FILE = Formatho/Info.plist;
				INFOPLIST_KEY_CFBundleDisplayName = formatho;
				INFOPLIST_KEY_LSApplicationCategoryType = "public.app-category.utilities";
				"INFOPLIST_KEY_UIApplicationSceneManifest_Generation[sdk=iphoneos*]" = YES;
				"INFOPLIST_KEY_UIApplicationSceneManifest_Generation[sdk=iphonesimulator*]" = YES;
				"INFOPLIST_KEY_UIApplicationSupportsIndirectInputEvents[sdk=iphoneos*]" = YES;
				"INFOPLIST_KEY_UIApplicationSupportsIndirectInputEvents[sdk=iphonesimulator*]" = YES;
				"INFOPLIST_KEY_UILaunchScreen_Generation[sdk=iphoneos*]" = YES;
				"INFOPLIST_KEY_UILaunchScreen_Generation[sdk=iphonesimulator*]" = YES;
				"INFOPLIST_KEY_UIStatusBarStyle[sdk=iphoneos*]" = UIStatusBarStyleDefault;
				"INFOPLIST_KEY_UIStatusBarStyle[sdk=iphonesimulator*]" = UIStatusBarStyleDefault;
				INFOPLIST_KEY_UISupportedInterfaceOrientations = UIInterfaceOrientationPortrait;
				INFOPLIST_KEY_UISupportedInterfaceOrientations_iPad = "UIInterfaceOrientationLandscapeLeft UIInterfaceOrientationLandscapeRight UIInterfaceOrientationPortrait UIInterfaceOrientationPortraitUpsideDown";
				IPHONEOS_DEPLOYMENT_TARGET = 16.0;
				LD_RUNPATH_SEARCH_PATHS = "@executable_path/Frameworks";
				"LD_RUNPATH_SEARCH_PATHS[sdk=macosx*]" = "@executable_path/../Frameworks";
				MACOSX_DEPLOYMENT_TARGET = 12.3;
				MARKETING_VERSION = 1.8;
				PRODUCT_BUNDLE_IDENTIFIER = io.red8.Formatho;
				PRODUCT_NAME = "$(TARGET_NAME)";
				SDKROOT = auto;
				SUPPORTED_PLATFORMS = macosx;
				SUPPORTS_MACCATALYST = NO;
				SUPPORTS_MAC_DESIGNED_FOR_IPHONE_IPAD = NO;
				SWIFT_EMIT_LOC_STRINGS = YES;
				SWIFT_VERSION = 5.0;
			};
			name = Debug;
		};
		BB5C369628CE2BBC00A973E4 /* Release */ = {
			isa = XCBuildConfiguration;
			buildSettings = {
				ALWAYS_EMBED_SWIFT_STANDARD_LIBRARIES = YES;
				ASSETCATALOG_COMPILER_APPICON_NAME = AppIcon;
				ASSETCATALOG_COMPILER_GLOBAL_ACCENT_COLOR_NAME = AccentColor;
				CODE_SIGN_ENTITLEMENTS = Formatho/Formatho.entitlements;
				CODE_SIGN_IDENTITY = "-";
				"CODE_SIGN_IDENTITY[sdk=iphoneos*]" = "Apple Development";
				"CODE_SIGN_IDENTITY[sdk=macosx*]" = "Apple Development";
				CODE_SIGN_STYLE = Automatic;
				CURRENT_PROJECT_VERSION = 23;
				DEAD_CODE_STRIPPING = YES;
				DEVELOPMENT_ASSET_PATHS = "\"Formatho/Preview Content\"";
				DEVELOPMENT_TEAM = 9T8V5DM9MV;
				ENABLE_HARDENED_RUNTIME = YES;
				ENABLE_PREVIEWS = YES;
				GENERATE_INFOPLIST_FILE = YES;
				INFOPLIST_FILE = Formatho/Info.plist;
				INFOPLIST_KEY_CFBundleDisplayName = formatho;
				INFOPLIST_KEY_LSApplicationCategoryType = "public.app-category.utilities";
				"INFOPLIST_KEY_UIApplicationSceneManifest_Generation[sdk=iphoneos*]" = YES;
				"INFOPLIST_KEY_UIApplicationSceneManifest_Generation[sdk=iphonesimulator*]" = YES;
				"INFOPLIST_KEY_UIApplicationSupportsIndirectInputEvents[sdk=iphoneos*]" = YES;
				"INFOPLIST_KEY_UIApplicationSupportsIndirectInputEvents[sdk=iphonesimulator*]" = YES;
				"INFOPLIST_KEY_UILaunchScreen_Generation[sdk=iphoneos*]" = YES;
				"INFOPLIST_KEY_UILaunchScreen_Generation[sdk=iphonesimulator*]" = YES;
				"INFOPLIST_KEY_UIStatusBarStyle[sdk=iphoneos*]" = UIStatusBarStyleDefault;
				"INFOPLIST_KEY_UIStatusBarStyle[sdk=iphonesimulator*]" = UIStatusBarStyleDefault;
				INFOPLIST_KEY_UISupportedInterfaceOrientations = UIInterfaceOrientationPortrait;
				INFOPLIST_KEY_UISupportedInterfaceOrientations_iPad = "UIInterfaceOrientationLandscapeLeft UIInterfaceOrientationLandscapeRight UIInterfaceOrientationPortrait UIInterfaceOrientationPortraitUpsideDown";
				IPHONEOS_DEPLOYMENT_TARGET = 16.0;
				LD_RUNPATH_SEARCH_PATHS = "@executable_path/Frameworks";
				"LD_RUNPATH_SEARCH_PATHS[sdk=macosx*]" = "@executable_path/../Frameworks";
				MACOSX_DEPLOYMENT_TARGET = 12.3;
				MARKETING_VERSION = 1.8;
				PRODUCT_BUNDLE_IDENTIFIER = io.red8.Formatho;
				PRODUCT_NAME = "$(TARGET_NAME)";
				SDKROOT = auto;
				SUPPORTED_PLATFORMS = macosx;
				SUPPORTS_MACCATALYST = NO;
				SUPPORTS_MAC_DESIGNED_FOR_IPHONE_IPAD = NO;
				SWIFT_EMIT_LOC_STRINGS = YES;
				SWIFT_VERSION = 5.0;
			};
			name = Release;
		};
		BB99F38A2945C83300959611 /* Debug */ = {
			isa = XCBuildConfiguration;
			buildSettings = {
				ASSETCATALOG_COMPILER_APPICON_NAME = AppIcon;
				ASSETCATALOG_COMPILER_GLOBAL_ACCENT_COLOR_NAME = AccentColor;
				CODE_SIGN_ENTITLEMENTS = formathoPhone/formathoPhone.entitlements;
				CODE_SIGN_STYLE = Automatic;
				CURRENT_PROJECT_VERSION = 23;
				DEVELOPMENT_ASSET_PATHS = "\"formathoPhone/Preview Content\"";
				DEVELOPMENT_TEAM = 9T8V5DM9MV;
				ENABLE_PREVIEWS = YES;
				GENERATE_INFOPLIST_FILE = YES;
				INFOPLIST_KEY_CFBundleDisplayName = formatho;
				INFOPLIST_KEY_LSApplicationCategoryType = "public.app-category.utilities";
				INFOPLIST_KEY_UIApplicationSceneManifest_Generation = YES;
				INFOPLIST_KEY_UIApplicationSupportsIndirectInputEvents = YES;
				INFOPLIST_KEY_UILaunchScreen_Generation = YES;
				INFOPLIST_KEY_UISupportedInterfaceOrientations_iPad = "UIInterfaceOrientationPortrait UIInterfaceOrientationPortraitUpsideDown UIInterfaceOrientationLandscapeLeft UIInterfaceOrientationLandscapeRight";
				INFOPLIST_KEY_UISupportedInterfaceOrientations_iPhone = "UIInterfaceOrientationPortrait UIInterfaceOrientationLandscapeLeft UIInterfaceOrientationLandscapeRight";
				IPHONEOS_DEPLOYMENT_TARGET = 16.0;
				LD_RUNPATH_SEARCH_PATHS = (
					"$(inherited)",
					"@executable_path/Frameworks",
				);
				MARKETING_VERSION = 1.8;
				PRODUCT_BUNDLE_IDENTIFIER = io.red8.formathoPhone;
				PRODUCT_NAME = "$(TARGET_NAME)";
				SDKROOT = iphoneos;
				SUPPORTED_PLATFORMS = "iphoneos iphonesimulator";
				SUPPORTS_MACCATALYST = NO;
				SUPPORTS_MAC_DESIGNED_FOR_IPHONE_IPAD = NO;
				SWIFT_EMIT_LOC_STRINGS = YES;
				SWIFT_VERSION = 5.0;
				TARGETED_DEVICE_FAMILY = 1;
			};
			name = Debug;
		};
		BB99F38B2945C83300959611 /* Release */ = {
			isa = XCBuildConfiguration;
			buildSettings = {
				ASSETCATALOG_COMPILER_APPICON_NAME = AppIcon;
				ASSETCATALOG_COMPILER_GLOBAL_ACCENT_COLOR_NAME = AccentColor;
				CODE_SIGN_ENTITLEMENTS = formathoPhone/formathoPhone.entitlements;
				CODE_SIGN_STYLE = Automatic;
				CURRENT_PROJECT_VERSION = 23;
				DEVELOPMENT_ASSET_PATHS = "\"formathoPhone/Preview Content\"";
				DEVELOPMENT_TEAM = 9T8V5DM9MV;
				ENABLE_PREVIEWS = YES;
				GENERATE_INFOPLIST_FILE = YES;
				INFOPLIST_KEY_CFBundleDisplayName = formatho;
				INFOPLIST_KEY_LSApplicationCategoryType = "public.app-category.utilities";
				INFOPLIST_KEY_UIApplicationSceneManifest_Generation = YES;
				INFOPLIST_KEY_UIApplicationSupportsIndirectInputEvents = YES;
				INFOPLIST_KEY_UILaunchScreen_Generation = YES;
				INFOPLIST_KEY_UISupportedInterfaceOrientations_iPad = "UIInterfaceOrientationPortrait UIInterfaceOrientationPortraitUpsideDown UIInterfaceOrientationLandscapeLeft UIInterfaceOrientationLandscapeRight";
				INFOPLIST_KEY_UISupportedInterfaceOrientations_iPhone = "UIInterfaceOrientationPortrait UIInterfaceOrientationLandscapeLeft UIInterfaceOrientationLandscapeRight";
				IPHONEOS_DEPLOYMENT_TARGET = 16.0;
				LD_RUNPATH_SEARCH_PATHS = (
					"$(inherited)",
					"@executable_path/Frameworks",
				);
				MARKETING_VERSION = 1.8;
				PRODUCT_BUNDLE_IDENTIFIER = io.red8.formathoPhone;
				PRODUCT_NAME = "$(TARGET_NAME)";
				SDKROOT = iphoneos;
				SUPPORTED_PLATFORMS = "iphoneos iphonesimulator";
				SUPPORTS_MACCATALYST = NO;
				SUPPORTS_MAC_DESIGNED_FOR_IPHONE_IPAD = NO;
				SWIFT_EMIT_LOC_STRINGS = YES;
				SWIFT_VERSION = 5.0;
				TARGETED_DEVICE_FAMILY = 1;
				VALIDATE_PRODUCT = YES;
			};
			name = Release;
		};
		BBE8129B29504BD400811F80 /* Debug */ = {
			isa = XCBuildConfiguration;
			buildSettings = {
				CODE_SIGN_ENTITLEMENTS = formathoIntent/formathoIntent.entitlements;
				CODE_SIGN_IDENTITY = "-";
				"CODE_SIGN_IDENTITY[sdk=iphoneos*]" = "Apple Development";
				"CODE_SIGN_IDENTITY[sdk=macosx*]" = "Apple Development";
				CODE_SIGN_STYLE = Automatic;
				CURRENT_PROJECT_VERSION = 21;
				DEVELOPMENT_TEAM = 9T8V5DM9MV;
				ENABLE_HARDENED_RUNTIME = YES;
				GENERATE_INFOPLIST_FILE = YES;
				INFOPLIST_FILE = formathoIntent/Info.plist;
				INFOPLIST_KEY_CFBundleDisplayName = formathoIntent;
				INFOPLIST_KEY_NSHumanReadableCopyright = "";
				LD_RUNPATH_SEARCH_PATHS = (
					"$(inherited)",
					"@executable_path/../Frameworks",
					"@executable_path/../../../../Frameworks",
				);
				MACOSX_DEPLOYMENT_TARGET = 13.0;
				MARKETING_VERSION = 1.6;
				PRODUCT_BUNDLE_IDENTIFIER = io.red8.Formatho.formathoIntent;
				PRODUCT_NAME = "$(TARGET_NAME)";
				SDKROOT = macosx;
				SKIP_INSTALL = YES;
				SWIFT_EMIT_LOC_STRINGS = YES;
				SWIFT_VERSION = 5.0;
			};
			name = Debug;
		};
		BBE8129C29504BD400811F80 /* Release */ = {
			isa = XCBuildConfiguration;
			buildSettings = {
				CODE_SIGN_ENTITLEMENTS = formathoIntent/formathoIntent.entitlements;
				CODE_SIGN_IDENTITY = "-";
				"CODE_SIGN_IDENTITY[sdk=iphoneos*]" = "Apple Development";
				"CODE_SIGN_IDENTITY[sdk=macosx*]" = "Apple Development";
				CODE_SIGN_STYLE = Automatic;
				CURRENT_PROJECT_VERSION = 21;
				DEVELOPMENT_TEAM = 9T8V5DM9MV;
				ENABLE_HARDENED_RUNTIME = YES;
				GENERATE_INFOPLIST_FILE = YES;
				INFOPLIST_FILE = formathoIntent/Info.plist;
				INFOPLIST_KEY_CFBundleDisplayName = formathoIntent;
				INFOPLIST_KEY_NSHumanReadableCopyright = "";
				LD_RUNPATH_SEARCH_PATHS = (
					"$(inherited)",
					"@executable_path/../Frameworks",
					"@executable_path/../../../../Frameworks",
				);
				MACOSX_DEPLOYMENT_TARGET = 13.0;
				MARKETING_VERSION = 1.6;
				PRODUCT_BUNDLE_IDENTIFIER = io.red8.Formatho.formathoIntent;
				PRODUCT_NAME = "$(TARGET_NAME)";
				SDKROOT = macosx;
				SKIP_INSTALL = YES;
				SWIFT_EMIT_LOC_STRINGS = YES;
				SWIFT_VERSION = 5.0;
			};
			name = Release;
		};
/* End XCBuildConfiguration section */

/* Begin XCConfigurationList section */
		BB01CE57294B438F00B5482E /* Build configuration list for PBXNativeTarget "macWidget" */ = {
			isa = XCConfigurationList;
			buildConfigurations = (
				BB01CE58294B438F00B5482E /* Debug */,
				BB01CE59294B438F00B5482E /* Release */,
			);
			defaultConfigurationIsVisible = 0;
			defaultConfigurationName = Release;
		};
		BB5C368028CE2BBA00A973E4 /* Build configuration list for PBXProject "Formatho" */ = {
			isa = XCConfigurationList;
			buildConfigurations = (
				BB5C369228CE2BBC00A973E4 /* Debug */,
				BB5C369328CE2BBC00A973E4 /* Release */,
			);
			defaultConfigurationIsVisible = 0;
			defaultConfigurationName = Release;
		};
		BB5C369428CE2BBC00A973E4 /* Build configuration list for PBXNativeTarget "formatho" */ = {
			isa = XCConfigurationList;
			buildConfigurations = (
				BB5C369528CE2BBC00A973E4 /* Debug */,
				BB5C369628CE2BBC00A973E4 /* Release */,
			);
			defaultConfigurationIsVisible = 0;
			defaultConfigurationName = Release;
		};
		BB99F3892945C83300959611 /* Build configuration list for PBXNativeTarget "formathoPhone" */ = {
			isa = XCConfigurationList;
			buildConfigurations = (
				BB99F38A2945C83300959611 /* Debug */,
				BB99F38B2945C83300959611 /* Release */,
			);
			defaultConfigurationIsVisible = 0;
			defaultConfigurationName = Release;
		};
		BBE8129D29504BD400811F80 /* Build configuration list for PBXNativeTarget "formathoIntent" */ = {
			isa = XCConfigurationList;
			buildConfigurations = (
				BBE8129B29504BD400811F80 /* Debug */,
				BBE8129C29504BD400811F80 /* Release */,
			);
			defaultConfigurationIsVisible = 0;
			defaultConfigurationName = Release;
		};
/* End XCConfigurationList section */
	};
	rootObject = BB5C367D28CE2BBA00A973E4 /* Project object */;
}
